// !$*UTF8*$!
{
	archiveVersion = 1;
	classes = {
	};
	objectVersion = 51;
	objects = {

/* Begin PBXBuildFile section */
		36051DFAA85EC42D160B8FD3 /* Pods_StudIITTests.framework in Frameworks */ = {isa = PBXBuildFile; fileRef = 1F0B1ACFF4479FA526C32716 /* Pods_StudIITTests.framework */; };
		490BC983261C155F00393A65 /* LoginViewController.swift in Sources */ = {isa = PBXBuildFile; fileRef = 490BC982261C155F00393A65 /* LoginViewController.swift */; };
		490BC987261C15A700393A65 /* RegisterViewController.swift in Sources */ = {isa = PBXBuildFile; fileRef = 490BC986261C15A700393A65 /* RegisterViewController.swift */; };
		490BC98926251F6F00393A65 /* ForgetPasswordViewController.swift in Sources */ = {isa = PBXBuildFile; fileRef = 490BC98826251F6F00393A65 /* ForgetPasswordViewController.swift */; };
		490BC997262545ED00393A65 /* ScheduleViewController.swift in Sources */ = {isa = PBXBuildFile; fileRef = 490BC996262545ED00393A65 /* ScheduleViewController.swift */; };
		490BC999262545F800393A65 /* FindViewController.swift in Sources */ = {isa = PBXBuildFile; fileRef = 490BC998262545F800393A65 /* FindViewController.swift */; };
		490BC99D2625460E00393A65 /* ProfileViewController.swift in Sources */ = {isa = PBXBuildFile; fileRef = 490BC99C2625460E00393A65 /* ProfileViewController.swift */; };
		490BC9A12625488B00393A65 /* ChatViewController.swift in Sources */ = {isa = PBXBuildFile; fileRef = 490BC9A02625488B00393A65 /* ChatViewController.swift */; };
		4940E41C2609A5A900A13296 /* AppDelegate.swift in Sources */ = {isa = PBXBuildFile; fileRef = 4940E41B2609A5A900A13296 /* AppDelegate.swift */; };
		4940E41E2609A5A900A13296 /* SceneDelegate.swift in Sources */ = {isa = PBXBuildFile; fileRef = 4940E41D2609A5A900A13296 /* SceneDelegate.swift */; };
		4940E4202609A5A900A13296 /* ViewController.swift in Sources */ = {isa = PBXBuildFile; fileRef = 4940E41F2609A5A900A13296 /* ViewController.swift */; };
		4940E4232609A5A900A13296 /* Main.storyboard in Resources */ = {isa = PBXBuildFile; fileRef = 4940E4212609A5A900A13296 /* Main.storyboard */; };
		4940E4252609A5AB00A13296 /* Assets.xcassets in Resources */ = {isa = PBXBuildFile; fileRef = 4940E4242609A5AB00A13296 /* Assets.xcassets */; };
		4940E4282609A5AB00A13296 /* LaunchScreen.storyboard in Resources */ = {isa = PBXBuildFile; fileRef = 4940E4262609A5AB00A13296 /* LaunchScreen.storyboard */; };
		4940E4332609A5AC00A13296 /* StudIITTests.swift in Sources */ = {isa = PBXBuildFile; fileRef = 4940E4322609A5AC00A13296 /* StudIITTests.swift */; };
		4940E43E2609A5AC00A13296 /* StudIITUITests.swift in Sources */ = {isa = PBXBuildFile; fileRef = 4940E43D2609A5AC00A13296 /* StudIITUITests.swift */; };
		693A56FEDAC859221E21B170 /* Pods_StudIIT_StudIITUITests.framework in Frameworks */ = {isa = PBXBuildFile; fileRef = CB7F3096D9A79D804DD0AA7F /* Pods_StudIIT_StudIITUITests.framework */; };
		74C31F85B0EAD741F58DA3FC /* Pods_StudIIT.framework in Frameworks */ = {isa = PBXBuildFile; fileRef = A3464511CE4C9FF6C002FD11 /* Pods_StudIIT.framework */; };
/* End PBXBuildFile section */

/* Begin PBXContainerItemProxy section */
		4940E42F2609A5AC00A13296 /* PBXContainerItemProxy */ = {
			isa = PBXContainerItemProxy;
			containerPortal = 4940E4102609A5A800A13296 /* Project object */;
			proxyType = 1;
			remoteGlobalIDString = 4940E4172609A5A800A13296;
			remoteInfo = StudIIT;
		};
		4940E43A2609A5AC00A13296 /* PBXContainerItemProxy */ = {
			isa = PBXContainerItemProxy;
			containerPortal = 4940E4102609A5A800A13296 /* Project object */;
			proxyType = 1;
			remoteGlobalIDString = 4940E4172609A5A800A13296;
			remoteInfo = StudIIT;
		};
/* End PBXContainerItemProxy section */

/* Begin PBXFileReference section */
		0FEE7A908F554ECAF0359CDC /* Pods-StudIIT.debug.xcconfig */ = {isa = PBXFileReference; includeInIndex = 1; lastKnownFileType = text.xcconfig; name = "Pods-StudIIT.debug.xcconfig"; path = "Target Support Files/Pods-StudIIT/Pods-StudIIT.debug.xcconfig"; sourceTree = "<group>"; };
		1F0B1ACFF4479FA526C32716 /* Pods_StudIITTests.framework */ = {isa = PBXFileReference; explicitFileType = wrapper.framework; includeInIndex = 0; path = Pods_StudIITTests.framework; sourceTree = BUILT_PRODUCTS_DIR; };
		490BC982261C155F00393A65 /* LoginViewController.swift */ = {isa = PBXFileReference; lastKnownFileType = sourcecode.swift; path = LoginViewController.swift; sourceTree = "<group>"; };
		490BC986261C15A700393A65 /* RegisterViewController.swift */ = {isa = PBXFileReference; lastKnownFileType = sourcecode.swift; path = RegisterViewController.swift; sourceTree = "<group>"; };
		490BC98826251F6F00393A65 /* ForgetPasswordViewController.swift */ = {isa = PBXFileReference; lastKnownFileType = sourcecode.swift; path = ForgetPasswordViewController.swift; sourceTree = "<group>"; };
		490BC996262545ED00393A65 /* ScheduleViewController.swift */ = {isa = PBXFileReference; lastKnownFileType = sourcecode.swift; path = ScheduleViewController.swift; sourceTree = "<group>"; };
		490BC998262545F800393A65 /* FindViewController.swift */ = {isa = PBXFileReference; lastKnownFileType = sourcecode.swift; path = FindViewController.swift; sourceTree = "<group>"; };
		490BC99C2625460E00393A65 /* ProfileViewController.swift */ = {isa = PBXFileReference; lastKnownFileType = sourcecode.swift; path = ProfileViewController.swift; sourceTree = "<group>"; };
		490BC9A02625488B00393A65 /* ChatViewController.swift */ = {isa = PBXFileReference; lastKnownFileType = sourcecode.swift; path = ChatViewController.swift; sourceTree = "<group>"; };
		4940E4182609A5A900A13296 /* StudIIT.app */ = {isa = PBXFileReference; explicitFileType = wrapper.application; includeInIndex = 0; path = StudIIT.app; sourceTree = BUILT_PRODUCTS_DIR; };
		4940E41B2609A5A900A13296 /* AppDelegate.swift */ = {isa = PBXFileReference; lastKnownFileType = sourcecode.swift; path = AppDelegate.swift; sourceTree = "<group>"; };
		4940E41D2609A5A900A13296 /* SceneDelegate.swift */ = {isa = PBXFileReference; lastKnownFileType = sourcecode.swift; path = SceneDelegate.swift; sourceTree = "<group>"; };
		4940E41F2609A5A900A13296 /* ViewController.swift */ = {isa = PBXFileReference; lastKnownFileType = sourcecode.swift; path = ViewController.swift; sourceTree = "<group>"; };
		4940E4222609A5A900A13296 /* Base */ = {isa = PBXFileReference; lastKnownFileType = file.storyboard; name = Base; path = Base.lproj/Main.storyboard; sourceTree = "<group>"; };
		4940E4242609A5AB00A13296 /* Assets.xcassets */ = {isa = PBXFileReference; lastKnownFileType = folder.assetcatalog; path = Assets.xcassets; sourceTree = "<group>"; };
		4940E4272609A5AB00A13296 /* Base */ = {isa = PBXFileReference; lastKnownFileType = file.storyboard; name = Base; path = Base.lproj/LaunchScreen.storyboard; sourceTree = "<group>"; };
		4940E4292609A5AB00A13296 /* Info.plist */ = {isa = PBXFileReference; lastKnownFileType = text.plist.xml; path = Info.plist; sourceTree = "<group>"; };
		4940E42E2609A5AC00A13296 /* StudIITTests.xctest */ = {isa = PBXFileReference; explicitFileType = wrapper.cfbundle; includeInIndex = 0; path = StudIITTests.xctest; sourceTree = BUILT_PRODUCTS_DIR; };
		4940E4322609A5AC00A13296 /* StudIITTests.swift */ = {isa = PBXFileReference; lastKnownFileType = sourcecode.swift; path = StudIITTests.swift; sourceTree = "<group>"; };
		4940E4342609A5AC00A13296 /* Info.plist */ = {isa = PBXFileReference; lastKnownFileType = text.plist.xml; path = Info.plist; sourceTree = "<group>"; };
		4940E4392609A5AC00A13296 /* StudIITUITests.xctest */ = {isa = PBXFileReference; explicitFileType = wrapper.cfbundle; includeInIndex = 0; path = StudIITUITests.xctest; sourceTree = BUILT_PRODUCTS_DIR; };
		4940E43D2609A5AC00A13296 /* StudIITUITests.swift */ = {isa = PBXFileReference; lastKnownFileType = sourcecode.swift; path = StudIITUITests.swift; sourceTree = "<group>"; };
		4940E43F2609A5AC00A13296 /* Info.plist */ = {isa = PBXFileReference; lastKnownFileType = text.plist.xml; path = Info.plist; sourceTree = "<group>"; };
		81D58403C63060ED26CC3D55 /* Pods-StudIIT.release.xcconfig */ = {isa = PBXFileReference; includeInIndex = 1; lastKnownFileType = text.xcconfig; name = "Pods-StudIIT.release.xcconfig"; path = "Target Support Files/Pods-StudIIT/Pods-StudIIT.release.xcconfig"; sourceTree = "<group>"; };
		A3464511CE4C9FF6C002FD11 /* Pods_StudIIT.framework */ = {isa = PBXFileReference; explicitFileType = wrapper.framework; includeInIndex = 0; path = Pods_StudIIT.framework; sourceTree = BUILT_PRODUCTS_DIR; };
		A38CEEB53919135145661ED5 /* Pods-StudIIT-StudIITUITests.release.xcconfig */ = {isa = PBXFileReference; includeInIndex = 1; lastKnownFileType = text.xcconfig; name = "Pods-StudIIT-StudIITUITests.release.xcconfig"; path = "Target Support Files/Pods-StudIIT-StudIITUITests/Pods-StudIIT-StudIITUITests.release.xcconfig"; sourceTree = "<group>"; };
		B0EA19805F6A179283BD020A /* Pods-StudIITTests.debug.xcconfig */ = {isa = PBXFileReference; includeInIndex = 1; lastKnownFileType = text.xcconfig; name = "Pods-StudIITTests.debug.xcconfig"; path = "Target Support Files/Pods-StudIITTests/Pods-StudIITTests.debug.xcconfig"; sourceTree = "<group>"; };
		CB7F3096D9A79D804DD0AA7F /* Pods_StudIIT_StudIITUITests.framework */ = {isa = PBXFileReference; explicitFileType = wrapper.framework; includeInIndex = 0; path = Pods_StudIIT_StudIITUITests.framework; sourceTree = BUILT_PRODUCTS_DIR; };
		E5873EA0871439383BFA115B /* Pods-StudIIT-StudIITUITests.debug.xcconfig */ = {isa = PBXFileReference; includeInIndex = 1; lastKnownFileType = text.xcconfig; name = "Pods-StudIIT-StudIITUITests.debug.xcconfig"; path = "Target Support Files/Pods-StudIIT-StudIITUITests/Pods-StudIIT-StudIITUITests.debug.xcconfig"; sourceTree = "<group>"; };
		E926834B412E9A768B86B2BC /* Pods-StudIITTests.release.xcconfig */ = {isa = PBXFileReference; includeInIndex = 1; lastKnownFileType = text.xcconfig; name = "Pods-StudIITTests.release.xcconfig"; path = "Target Support Files/Pods-StudIITTests/Pods-StudIITTests.release.xcconfig"; sourceTree = "<group>"; };
/* End PBXFileReference section */

/* Begin PBXFrameworksBuildPhase section */
		4940E4152609A5A800A13296 /* Frameworks */ = {
			isa = PBXFrameworksBuildPhase;
			buildActionMask = 2147483647;
			files = (
				74C31F85B0EAD741F58DA3FC /* Pods_StudIIT.framework in Frameworks */,
			);
			runOnlyForDeploymentPostprocessing = 0;
		};
		4940E42B2609A5AC00A13296 /* Frameworks */ = {
			isa = PBXFrameworksBuildPhase;
			buildActionMask = 2147483647;
			files = (
				36051DFAA85EC42D160B8FD3 /* Pods_StudIITTests.framework in Frameworks */,
			);
			runOnlyForDeploymentPostprocessing = 0;
		};
		4940E4362609A5AC00A13296 /* Frameworks */ = {
			isa = PBXFrameworksBuildPhase;
			buildActionMask = 2147483647;
			files = (
				693A56FEDAC859221E21B170 /* Pods_StudIIT_StudIITUITests.framework in Frameworks */,
			);
			runOnlyForDeploymentPostprocessing = 0;
		};
/* End PBXFrameworksBuildPhase section */

/* Begin PBXGroup section */
		4940E40F2609A5A800A13296 = {
			isa = PBXGroup;
			children = (
				4940E41A2609A5A900A13296 /* StudIIT */,
				4940E4312609A5AC00A13296 /* StudIITTests */,
				4940E43C2609A5AC00A13296 /* StudIITUITests */,
				4940E4192609A5A900A13296 /* Products */,
				EE41C244F992703874CA991E /* Pods */,
				6DA2E4D14464E472089DB71E /* Frameworks */,
			);
			sourceTree = "<group>";
		};
		4940E4192609A5A900A13296 /* Products */ = {
			isa = PBXGroup;
			children = (
				4940E4182609A5A900A13296 /* StudIIT.app */,
				4940E42E2609A5AC00A13296 /* StudIITTests.xctest */,
				4940E4392609A5AC00A13296 /* StudIITUITests.xctest */,
			);
			name = Products;
			sourceTree = "<group>";
		};
		4940E41A2609A5A900A13296 /* StudIIT */ = {
			isa = PBXGroup;
			children = (
				4940E41B2609A5A900A13296 /* AppDelegate.swift */,
				4940E41D2609A5A900A13296 /* SceneDelegate.swift */,
				4940E41F2609A5A900A13296 /* ViewController.swift */,
				4940E4212609A5A900A13296 /* Main.storyboard */,
				490BC98826251F6F00393A65 /* ForgetPasswordViewController.swift */,
				490BC982261C155F00393A65 /* LoginViewController.swift */,
				4940E4242609A5AB00A13296 /* Assets.xcassets */,
				4940E4262609A5AB00A13296 /* LaunchScreen.storyboard */,
				4940E4292609A5AB00A13296 /* Info.plist */,
				490BC986261C15A700393A65 /* RegisterViewController.swift */,
				490BC996262545ED00393A65 /* ScheduleViewController.swift */,
				490BC998262545F800393A65 /* FindViewController.swift */,
				490BC99C2625460E00393A65 /* ProfileViewController.swift */,
				490BC9A02625488B00393A65 /* ChatViewController.swift */,
			);
			path = StudIIT;
			sourceTree = "<group>";
		};
		4940E4312609A5AC00A13296 /* StudIITTests */ = {
			isa = PBXGroup;
			children = (
				4940E4322609A5AC00A13296 /* StudIITTests.swift */,
				4940E4342609A5AC00A13296 /* Info.plist */,
			);
			path = StudIITTests;
			sourceTree = "<group>";
		};
		4940E43C2609A5AC00A13296 /* StudIITUITests */ = {
			isa = PBXGroup;
			children = (
				4940E43D2609A5AC00A13296 /* StudIITUITests.swift */,
				4940E43F2609A5AC00A13296 /* Info.plist */,
			);
			path = StudIITUITests;
			sourceTree = "<group>";
		};
		6DA2E4D14464E472089DB71E /* Frameworks */ = {
			isa = PBXGroup;
			children = (
				A3464511CE4C9FF6C002FD11 /* Pods_StudIIT.framework */,
				CB7F3096D9A79D804DD0AA7F /* Pods_StudIIT_StudIITUITests.framework */,
				1F0B1ACFF4479FA526C32716 /* Pods_StudIITTests.framework */,
			);
			name = Frameworks;
			sourceTree = "<group>";
		};
		EE41C244F992703874CA991E /* Pods */ = {
			isa = PBXGroup;
			children = (
				0FEE7A908F554ECAF0359CDC /* Pods-StudIIT.debug.xcconfig */,
				81D58403C63060ED26CC3D55 /* Pods-StudIIT.release.xcconfig */,
				E5873EA0871439383BFA115B /* Pods-StudIIT-StudIITUITests.debug.xcconfig */,
				A38CEEB53919135145661ED5 /* Pods-StudIIT-StudIITUITests.release.xcconfig */,
				B0EA19805F6A179283BD020A /* Pods-StudIITTests.debug.xcconfig */,
				E926834B412E9A768B86B2BC /* Pods-StudIITTests.release.xcconfig */,
			);
			path = Pods;
			sourceTree = "<group>";
		};
/* End PBXGroup section */

/* Begin PBXNativeTarget section */
		4940E4172609A5A800A13296 /* StudIIT */ = {
			isa = PBXNativeTarget;
			buildConfigurationList = 4940E4422609A5AC00A13296 /* Build configuration list for PBXNativeTarget "StudIIT" */;
			buildPhases = (
				749E86C07D44D424302DE27B /* [CP] Check Pods Manifest.lock */,
				4940E4142609A5A800A13296 /* Sources */,
				4940E4152609A5A800A13296 /* Frameworks */,
				4940E4162609A5A800A13296 /* Resources */,
				FD1D6CD876157EEED189432E /* [CP] Embed Pods Frameworks */,
			);
			buildRules = (
			);
			dependencies = (
			);
			name = StudIIT;
			productName = StudIIT;
			productReference = 4940E4182609A5A900A13296 /* StudIIT.app */;
			productType = "com.apple.product-type.application";
		};
		4940E42D2609A5AC00A13296 /* StudIITTests */ = {
			isa = PBXNativeTarget;
			buildConfigurationList = 4940E4452609A5AC00A13296 /* Build configuration list for PBXNativeTarget "StudIITTests" */;
			buildPhases = (
				8A72779829E54FCF9786BFC0 /* [CP] Check Pods Manifest.lock */,
				4940E42A2609A5AC00A13296 /* Sources */,
				4940E42B2609A5AC00A13296 /* Frameworks */,
				4940E42C2609A5AC00A13296 /* Resources */,
			);
			buildRules = (
			);
			dependencies = (
				4940E4302609A5AC00A13296 /* PBXTargetDependency */,
			);
			name = StudIITTests;
			productName = StudIITTests;
			productReference = 4940E42E2609A5AC00A13296 /* StudIITTests.xctest */;
			productType = "com.apple.product-type.bundle.unit-test";
		};
		4940E4382609A5AC00A13296 /* StudIITUITests */ = {
			isa = PBXNativeTarget;
			buildConfigurationList = 4940E4482609A5AC00A13296 /* Build configuration list for PBXNativeTarget "StudIITUITests" */;
			buildPhases = (
				CD2E5FDE01D18867B08EAC6A /* [CP] Check Pods Manifest.lock */,
				4940E4352609A5AC00A13296 /* Sources */,
				4940E4362609A5AC00A13296 /* Frameworks */,
				4940E4372609A5AC00A13296 /* Resources */,
				CE8FAFF891F404E8CB3F4E43 /* [CP] Embed Pods Frameworks */,
			);
			buildRules = (
			);
			dependencies = (
				4940E43B2609A5AC00A13296 /* PBXTargetDependency */,
			);
			name = StudIITUITests;
			productName = StudIITUITests;
			productReference = 4940E4392609A5AC00A13296 /* StudIITUITests.xctest */;
			productType = "com.apple.product-type.bundle.ui-testing";
		};
/* End PBXNativeTarget section */

/* Begin PBXProject section */
		4940E4102609A5A800A13296 /* Project object */ = {
			isa = PBXProject;
			attributes = {
				LastSwiftUpdateCheck = 1160;
				LastUpgradeCheck = 1160;
				ORGANIZATIONNAME = codepath;
				TargetAttributes = {
					4940E4172609A5A800A13296 = {
						CreatedOnToolsVersion = 11.6;
					};
					4940E42D2609A5AC00A13296 = {
						CreatedOnToolsVersion = 11.6;
						TestTargetID = 4940E4172609A5A800A13296;
					};
					4940E4382609A5AC00A13296 = {
						CreatedOnToolsVersion = 11.6;
						TestTargetID = 4940E4172609A5A800A13296;
					};
				};
			};
			buildConfigurationList = 4940E4132609A5A800A13296 /* Build configuration list for PBXProject "StudIIT" */;
			compatibilityVersion = "Xcode 9.3";
			developmentRegion = en;
			hasScannedForEncodings = 0;
			knownRegions = (
				en,
				Base,
			);
			mainGroup = 4940E40F2609A5A800A13296;
			productRefGroup = 4940E4192609A5A900A13296 /* Products */;
			projectDirPath = "";
			projectRoot = "";
			targets = (
				4940E4172609A5A800A13296 /* StudIIT */,
				4940E42D2609A5AC00A13296 /* StudIITTests */,
				4940E4382609A5AC00A13296 /* StudIITUITests */,
			);
		};
/* End PBXProject section */

/* Begin PBXResourcesBuildPhase section */
		4940E4162609A5A800A13296 /* Resources */ = {
			isa = PBXResourcesBuildPhase;
			buildActionMask = 2147483647;
			files = (
				4940E4282609A5AB00A13296 /* LaunchScreen.storyboard in Resources */,
				4940E4252609A5AB00A13296 /* Assets.xcassets in Resources */,
				4940E4232609A5A900A13296 /* Main.storyboard in Resources */,
			);
			runOnlyForDeploymentPostprocessing = 0;
		};
		4940E42C2609A5AC00A13296 /* Resources */ = {
			isa = PBXResourcesBuildPhase;
			buildActionMask = 2147483647;
			files = (
			);
			runOnlyForDeploymentPostprocessing = 0;
		};
		4940E4372609A5AC00A13296 /* Resources */ = {
			isa = PBXResourcesBuildPhase;
			buildActionMask = 2147483647;
			files = (
			);
			runOnlyForDeploymentPostprocessing = 0;
		};
/* End PBXResourcesBuildPhase section */

/* Begin PBXShellScriptBuildPhase section */
		749E86C07D44D424302DE27B /* [CP] Check Pods Manifest.lock */ = {
			isa = PBXShellScriptBuildPhase;
			buildActionMask = 2147483647;
			files = (
			);
			inputFileListPaths = (
			);
			inputPaths = (
				"${PODS_PODFILE_DIR_PATH}/Podfile.lock",
				"${PODS_ROOT}/Manifest.lock",
			);
			name = "[CP] Check Pods Manifest.lock";
			outputFileListPaths = (
			);
			outputPaths = (
				"$(DERIVED_FILE_DIR)/Pods-StudIIT-checkManifestLockResult.txt",
			);
			runOnlyForDeploymentPostprocessing = 0;
			shellPath = /bin/sh;
			shellScript = "diff \"${PODS_PODFILE_DIR_PATH}/Podfile.lock\" \"${PODS_ROOT}/Manifest.lock\" > /dev/null\nif [ $? != 0 ] ; then\n    # print error to STDERR\n    echo \"error: The sandbox is not in sync with the Podfile.lock. Run 'pod install' or update your CocoaPods installation.\" >&2\n    exit 1\nfi\n# This output is used by Xcode 'outputs' to avoid re-running this script phase.\necho \"SUCCESS\" > \"${SCRIPT_OUTPUT_FILE_0}\"\n";
			showEnvVarsInLog = 0;
		};
		8A72779829E54FCF9786BFC0 /* [CP] Check Pods Manifest.lock */ = {
			isa = PBXShellScriptBuildPhase;
			buildActionMask = 2147483647;
			files = (
			);
			inputFileListPaths = (
			);
			inputPaths = (
				"${PODS_PODFILE_DIR_PATH}/Podfile.lock",
				"${PODS_ROOT}/Manifest.lock",
			);
			name = "[CP] Check Pods Manifest.lock";
			outputFileListPaths = (
			);
			outputPaths = (
				"$(DERIVED_FILE_DIR)/Pods-StudIITTests-checkManifestLockResult.txt",
			);
			runOnlyForDeploymentPostprocessing = 0;
			shellPath = /bin/sh;
			shellScript = "diff \"${PODS_PODFILE_DIR_PATH}/Podfile.lock\" \"${PODS_ROOT}/Manifest.lock\" > /dev/null\nif [ $? != 0 ] ; then\n    # print error to STDERR\n    echo \"error: The sandbox is not in sync with the Podfile.lock. Run 'pod install' or update your CocoaPods installation.\" >&2\n    exit 1\nfi\n# This output is used by Xcode 'outputs' to avoid re-running this script phase.\necho \"SUCCESS\" > \"${SCRIPT_OUTPUT_FILE_0}\"\n";
			showEnvVarsInLog = 0;
		};
		CD2E5FDE01D18867B08EAC6A /* [CP] Check Pods Manifest.lock */ = {
			isa = PBXShellScriptBuildPhase;
			buildActionMask = 2147483647;
			files = (
			);
			inputFileListPaths = (
			);
			inputPaths = (
				"${PODS_PODFILE_DIR_PATH}/Podfile.lock",
				"${PODS_ROOT}/Manifest.lock",
			);
			name = "[CP] Check Pods Manifest.lock";
			outputFileListPaths = (
			);
			outputPaths = (
				"$(DERIVED_FILE_DIR)/Pods-StudIIT-StudIITUITests-checkManifestLockResult.txt",
			);
			runOnlyForDeploymentPostprocessing = 0;
			shellPath = /bin/sh;
			shellScript = "diff \"${PODS_PODFILE_DIR_PATH}/Podfile.lock\" \"${PODS_ROOT}/Manifest.lock\" > /dev/null\nif [ $? != 0 ] ; then\n    # print error to STDERR\n    echo \"error: The sandbox is not in sync with the Podfile.lock. Run 'pod install' or update your CocoaPods installation.\" >&2\n    exit 1\nfi\n# This output is used by Xcode 'outputs' to avoid re-running this script phase.\necho \"SUCCESS\" > \"${SCRIPT_OUTPUT_FILE_0}\"\n";
			showEnvVarsInLog = 0;
		};
		CE8FAFF891F404E8CB3F4E43 /* [CP] Embed Pods Frameworks */ = {
			isa = PBXShellScriptBuildPhase;
			buildActionMask = 2147483647;
			files = (
			);
			inputFileListPaths = (
				"${PODS_ROOT}/Target Support Files/Pods-StudIIT-StudIITUITests/Pods-StudIIT-StudIITUITests-frameworks-${CONFIGURATION}-input-files.xcfilelist",
			);
			name = "[CP] Embed Pods Frameworks";
			outputFileListPaths = (
				"${PODS_ROOT}/Target Support Files/Pods-StudIIT-StudIITUITests/Pods-StudIIT-StudIITUITests-frameworks-${CONFIGURATION}-output-files.xcfilelist",
			);
			runOnlyForDeploymentPostprocessing = 0;
			shellPath = /bin/sh;
			shellScript = "\"${PODS_ROOT}/Target Support Files/Pods-StudIIT-StudIITUITests/Pods-StudIIT-StudIITUITests-frameworks.sh\"\n";
			showEnvVarsInLog = 0;
		};
		FD1D6CD876157EEED189432E /* [CP] Embed Pods Frameworks */ = {
			isa = PBXShellScriptBuildPhase;
			buildActionMask = 2147483647;
			files = (
			);
			inputFileListPaths = (
				"${PODS_ROOT}/Target Support Files/Pods-StudIIT/Pods-StudIIT-frameworks-${CONFIGURATION}-input-files.xcfilelist",
			);
			name = "[CP] Embed Pods Frameworks";
			outputFileListPaths = (
				"${PODS_ROOT}/Target Support Files/Pods-StudIIT/Pods-StudIIT-frameworks-${CONFIGURATION}-output-files.xcfilelist",
			);
			runOnlyForDeploymentPostprocessing = 0;
			shellPath = /bin/sh;
			shellScript = "\"${PODS_ROOT}/Target Support Files/Pods-StudIIT/Pods-StudIIT-frameworks.sh\"\n";
			showEnvVarsInLog = 0;
		};
/* End PBXShellScriptBuildPhase section */

/* Begin PBXSourcesBuildPhase section */
		4940E4142609A5A800A13296 /* Sources */ = {
			isa = PBXSourcesBuildPhase;
			buildActionMask = 2147483647;
			files = (
				4940E4202609A5A900A13296 /* ViewController.swift in Sources */,
				490BC99D2625460E00393A65 /* ProfileViewController.swift in Sources */,
				4940E41C2609A5A900A13296 /* AppDelegate.swift in Sources */,
				490BC987261C15A700393A65 /* RegisterViewController.swift in Sources */,
				490BC999262545F800393A65 /* FindViewController.swift in Sources */,
				490BC98926251F6F00393A65 /* ForgetPasswordViewController.swift in Sources */,
				490BC983261C155F00393A65 /* LoginViewController.swift in Sources */,
				490BC997262545ED00393A65 /* ScheduleViewController.swift in Sources */,
				490BC9A12625488B00393A65 /* ChatViewController.swift in Sources */,
				4940E41E2609A5A900A13296 /* SceneDelegate.swift in Sources */,
			);
			runOnlyForDeploymentPostprocessing = 0;
		};
		4940E42A2609A5AC00A13296 /* Sources */ = {
			isa = PBXSourcesBuildPhase;
			buildActionMask = 2147483647;
			files = (
				4940E4332609A5AC00A13296 /* StudIITTests.swift in Sources */,
			);
			runOnlyForDeploymentPostprocessing = 0;
		};
		4940E4352609A5AC00A13296 /* Sources */ = {
			isa = PBXSourcesBuildPhase;
			buildActionMask = 2147483647;
			files = (
				4940E43E2609A5AC00A13296 /* StudIITUITests.swift in Sources */,
			);
			runOnlyForDeploymentPostprocessing = 0;
		};
/* End PBXSourcesBuildPhase section */

/* Begin PBXTargetDependency section */
		4940E4302609A5AC00A13296 /* PBXTargetDependency */ = {
			isa = PBXTargetDependency;
			target = 4940E4172609A5A800A13296 /* StudIIT */;
			targetProxy = 4940E42F2609A5AC00A13296 /* PBXContainerItemProxy */;
		};
		4940E43B2609A5AC00A13296 /* PBXTargetDependency */ = {
			isa = PBXTargetDependency;
			target = 4940E4172609A5A800A13296 /* StudIIT */;
			targetProxy = 4940E43A2609A5AC00A13296 /* PBXContainerItemProxy */;
		};
/* End PBXTargetDependency section */

/* Begin PBXVariantGroup section */
		4940E4212609A5A900A13296 /* Main.storyboard */ = {
			isa = PBXVariantGroup;
			children = (
				4940E4222609A5A900A13296 /* Base */,
			);
			name = Main.storyboard;
			sourceTree = "<group>";
		};
		4940E4262609A5AB00A13296 /* LaunchScreen.storyboard */ = {
			isa = PBXVariantGroup;
			children = (
				4940E4272609A5AB00A13296 /* Base */,
			);
			name = LaunchScreen.storyboard;
			sourceTree = "<group>";
		};
/* End PBXVariantGroup section */

/* Begin XCBuildConfiguration section */
		4940E4402609A5AC00A13296 /* Debug */ = {
			isa = XCBuildConfiguration;
			buildSettings = {
				ALWAYS_SEARCH_USER_PATHS = NO;
				CLANG_ANALYZER_NONNULL = YES;
				CLANG_ANALYZER_NUMBER_OBJECT_CONVERSION = YES_AGGRESSIVE;
				CLANG_CXX_LANGUAGE_STANDARD = "gnu++14";
				CLANG_CXX_LIBRARY = "libc++";
				CLANG_ENABLE_MODULES = YES;
				CLANG_ENABLE_OBJC_ARC = YES;
				CLANG_ENABLE_OBJC_WEAK = YES;
				CLANG_WARN_BLOCK_CAPTURE_AUTORELEASING = YES;
				CLANG_WARN_BOOL_CONVERSION = YES;
				CLANG_WARN_COMMA = YES;
				CLANG_WARN_CONSTANT_CONVERSION = YES;
				CLANG_WARN_DEPRECATED_OBJC_IMPLEMENTATIONS = YES;
				CLANG_WARN_DIRECT_OBJC_ISA_USAGE = YES_ERROR;
				CLANG_WARN_DOCUMENTATION_COMMENTS = YES;
				CLANG_WARN_EMPTY_BODY = YES;
				CLANG_WARN_ENUM_CONVERSION = YES;
				CLANG_WARN_INFINITE_RECURSION = YES;
				CLANG_WARN_INT_CONVERSION = YES;
				CLANG_WARN_NON_LITERAL_NULL_CONVERSION = YES;
				CLANG_WARN_OBJC_IMPLICIT_RETAIN_SELF = YES;
				CLANG_WARN_OBJC_LITERAL_CONVERSION = YES;
				CLANG_WARN_OBJC_ROOT_CLASS = YES_ERROR;
				CLANG_WARN_RANGE_LOOP_ANALYSIS = YES;
				CLANG_WARN_STRICT_PROTOTYPES = YES;
				CLANG_WARN_SUSPICIOUS_MOVE = YES;
				CLANG_WARN_UNGUARDED_AVAILABILITY = YES_AGGRESSIVE;
				CLANG_WARN_UNREACHABLE_CODE = YES;
				CLANG_WARN__DUPLICATE_METHOD_MATCH = YES;
				COPY_PHASE_STRIP = NO;
				DEBUG_INFORMATION_FORMAT = dwarf;
				ENABLE_STRICT_OBJC_MSGSEND = YES;
				ENABLE_TESTABILITY = YES;
				GCC_C_LANGUAGE_STANDARD = gnu11;
				GCC_DYNAMIC_NO_PIC = NO;
				GCC_NO_COMMON_BLOCKS = YES;
				GCC_OPTIMIZATION_LEVEL = 0;
				GCC_PREPROCESSOR_DEFINITIONS = (
					"DEBUG=1",
					"$(inherited)",
				);
				GCC_WARN_64_TO_32_BIT_CONVERSION = YES;
				GCC_WARN_ABOUT_RETURN_TYPE = YES_ERROR;
				GCC_WARN_UNDECLARED_SELECTOR = YES;
				GCC_WARN_UNINITIALIZED_AUTOS = YES_AGGRESSIVE;
				GCC_WARN_UNUSED_FUNCTION = YES;
				GCC_WARN_UNUSED_VARIABLE = YES;
				IPHONEOS_DEPLOYMENT_TARGET = 13.6;
				MTL_ENABLE_DEBUG_INFO = INCLUDE_SOURCE;
				MTL_FAST_MATH = YES;
				ONLY_ACTIVE_ARCH = YES;
				SDKROOT = iphoneos;
				SWIFT_ACTIVE_COMPILATION_CONDITIONS = DEBUG;
				SWIFT_OPTIMIZATION_LEVEL = "-Onone";
			};
			name = Debug;
		};
		4940E4412609A5AC00A13296 /* Release */ = {
			isa = XCBuildConfiguration;
			buildSettings = {
				ALWAYS_SEARCH_USER_PATHS = NO;
				CLANG_ANALYZER_NONNULL = YES;
				CLANG_ANALYZER_NUMBER_OBJECT_CONVERSION = YES_AGGRESSIVE;
				CLANG_CXX_LANGUAGE_STANDARD = "gnu++14";
				CLANG_CXX_LIBRARY = "libc++";
				CLANG_ENABLE_MODULES = YES;
				CLANG_ENABLE_OBJC_ARC = YES;
				CLANG_ENABLE_OBJC_WEAK = YES;
				CLANG_WARN_BLOCK_CAPTURE_AUTORELEASING = YES;
				CLANG_WARN_BOOL_CONVERSION = YES;
				CLANG_WARN_COMMA = YES;
				CLANG_WARN_CONSTANT_CONVERSION = YES;
				CLANG_WARN_DEPRECATED_OBJC_IMPLEMENTATIONS = YES;
				CLANG_WARN_DIRECT_OBJC_ISA_USAGE = YES_ERROR;
				CLANG_WARN_DOCUMENTATION_COMMENTS = YES;
				CLANG_WARN_EMPTY_BODY = YES;
				CLANG_WARN_ENUM_CONVERSION = YES;
				CLANG_WARN_INFINITE_RECURSION = YES;
				CLANG_WARN_INT_CONVERSION = YES;
				CLANG_WARN_NON_LITERAL_NULL_CONVERSION = YES;
				CLANG_WARN_OBJC_IMPLICIT_RETAIN_SELF = YES;
				CLANG_WARN_OBJC_LITERAL_CONVERSION = YES;
				CLANG_WARN_OBJC_ROOT_CLASS = YES_ERROR;
				CLANG_WARN_RANGE_LOOP_ANALYSIS = YES;
				CLANG_WARN_STRICT_PROTOTYPES = YES;
				CLANG_WARN_SUSPICIOUS_MOVE = YES;
				CLANG_WARN_UNGUARDED_AVAILABILITY = YES_AGGRESSIVE;
				CLANG_WARN_UNREACHABLE_CODE = YES;
				CLANG_WARN__DUPLICATE_METHOD_MATCH = YES;
				COPY_PHASE_STRIP = NO;
				DEBUG_INFORMATION_FORMAT = "dwarf-with-dsym";
				ENABLE_NS_ASSERTIONS = NO;
				ENABLE_STRICT_OBJC_MSGSEND = YES;
				GCC_C_LANGUAGE_STANDARD = gnu11;
				GCC_NO_COMMON_BLOCKS = YES;
				GCC_WARN_64_TO_32_BIT_CONVERSION = YES;
				GCC_WARN_ABOUT_RETURN_TYPE = YES_ERROR;
				GCC_WARN_UNDECLARED_SELECTOR = YES;
				GCC_WARN_UNINITIALIZED_AUTOS = YES_AGGRESSIVE;
				GCC_WARN_UNUSED_FUNCTION = YES;
				GCC_WARN_UNUSED_VARIABLE = YES;
				IPHONEOS_DEPLOYMENT_TARGET = 13.6;
				MTL_ENABLE_DEBUG_INFO = NO;
				MTL_FAST_MATH = YES;
				SDKROOT = iphoneos;
				SWIFT_COMPILATION_MODE = wholemodule;
				SWIFT_OPTIMIZATION_LEVEL = "-O";
				VALIDATE_PRODUCT = YES;
			};
			name = Release;
		};
		4940E4432609A5AC00A13296 /* Debug */ = {
			isa = XCBuildConfiguration;
			baseConfigurationReference = 0FEE7A908F554ECAF0359CDC /* Pods-StudIIT.debug.xcconfig */;
			buildSettings = {
				ASSETCATALOG_COMPILER_APPICON_NAME = AppIcon;
				CODE_SIGN_STYLE = Automatic;
				INFOPLIST_FILE = StudIIT/Info.plist;
				LD_RUNPATH_SEARCH_PATHS = (
					"$(inherited)",
					"@executable_path/Frameworks",
				);
				PRODUCT_BUNDLE_IDENTIFIER = com.codepath.StudIIT;
				PRODUCT_NAME = "$(TARGET_NAME)";
				SWIFT_VERSION = 5.0;
				TARGETED_DEVICE_FAMILY = "1,2";
			};
			name = Debug;
		};
		4940E4442609A5AC00A13296 /* Release */ = {
			isa = XCBuildConfiguration;
			baseConfigurationReference = 81D58403C63060ED26CC3D55 /* Pods-StudIIT.release.xcconfig */;
			buildSettings = {
				ASSETCATALOG_COMPILER_APPICON_NAME = AppIcon;
				CODE_SIGN_STYLE = Automatic;
				INFOPLIST_FILE = StudIIT/Info.plist;
				LD_RUNPATH_SEARCH_PATHS = (
					"$(inherited)",
					"@executable_path/Frameworks",
				);
				PRODUCT_BUNDLE_IDENTIFIER = com.codepath.StudIIT;
				PRODUCT_NAME = "$(TARGET_NAME)";
				SWIFT_VERSION = 5.0;
				TARGETED_DEVICE_FAMILY = "1,2";
			};
			name = Release;
		};
		4940E4462609A5AC00A13296 /* Debug */ = {
			isa = XCBuildConfiguration;
			baseConfigurationReference = B0EA19805F6A179283BD020A /* Pods-StudIITTests.debug.xcconfig */;
			buildSettings = {
				ALWAYS_EMBED_SWIFT_STANDARD_LIBRARIES = YES;
				BUNDLE_LOADER = "$(TEST_HOST)";
				CODE_SIGN_STYLE = Automatic;
				INFOPLIST_FILE = StudIITTests/Info.plist;
				IPHONEOS_DEPLOYMENT_TARGET = 13.6;
				LD_RUNPATH_SEARCH_PATHS = (
					"$(inherited)",
					"@executable_path/Frameworks",
					"@loader_path/Frameworks",
				);
				PRODUCT_BUNDLE_IDENTIFIER = com.codepath.StudIITTests;
				PRODUCT_NAME = "$(TARGET_NAME)";
				SWIFT_VERSION = 5.0;
				TARGETED_DEVICE_FAMILY = "1,2";
				TEST_HOST = "$(BUILT_PRODUCTS_DIR)/StudIIT.app/StudIIT";
			};
			name = Debug;
		};
		4940E4472609A5AC00A13296 /* Release */ = {
			isa = XCBuildConfiguration;
			baseConfigurationReference = E926834B412E9A768B86B2BC /* Pods-StudIITTests.release.xcconfig */;
			buildSettings = {
				ALWAYS_EMBED_SWIFT_STANDARD_LIBRARIES = YES;
				BUNDLE_LOADER = "$(TEST_HOST)";
				CODE_SIGN_STYLE = Automatic;
				INFOPLIST_FILE = StudIITTests/Info.plist;
				IPHONEOS_DEPLOYMENT_TARGET = 13.6;
				LD_RUNPATH_SEARCH_PATHS = (
					"$(inherited)",
					"@executable_path/Frameworks",
					"@loader_path/Frameworks",
				);
				PRODUCT_BUNDLE_IDENTIFIER = com.codepath.StudIITTests;
				PRODUCT_NAME = "$(TARGET_NAME)";
				SWIFT_VERSION = 5.0;
				TARGETED_DEVICE_FAMILY = "1,2";
				TEST_HOST = "$(BUILT_PRODUCTS_DIR)/StudIIT.app/StudIIT";
			};
			name = Release;
		};
		4940E4492609A5AC00A13296 /* Debug */ = {
			isa = XCBuildConfiguration;
			baseConfigurationReference = E5873EA0871439383BFA115B /* Pods-StudIIT-StudIITUITests.debug.xcconfig */;
			buildSettings = {
				ALWAYS_EMBED_SWIFT_STANDARD_LIBRARIES = YES;
				CODE_SIGN_STYLE = Automatic;
				INFOPLIST_FILE = StudIITUITests/Info.plist;
				LD_RUNPATH_SEARCH_PATHS = (
					"$(inherited)",
					"@executable_path/Frameworks",
					"@loader_path/Frameworks",
				);
				PRODUCT_BUNDLE_IDENTIFIER = com.codepath.StudIITUITests;
				PRODUCT_NAME = "$(TARGET_NAME)";
				SWIFT_VERSION = 5.0;
				TARGETED_DEVICE_FAMILY = "1,2";
				TEST_TARGET_NAME = StudIIT;
			};
			name = Debug;
		};
		4940E44A2609A5AC00A13296 /* Release */ = {
			isa = XCBuildConfiguration;
			baseConfigurationReference = A38CEEB53919135145661ED5 /* Pods-StudIIT-StudIITUITests.release.xcconfig */;
			buildSettings = {
				ALWAYS_EMBED_SWIFT_STANDARD_LIBRARIES = YES;
				CODE_SIGN_STYLE = Automatic;
				INFOPLIST_FILE = StudIITUITests/Info.plist;
				LD_RUNPATH_SEARCH_PATHS = (
					"$(inherited)",
					"@executable_path/Frameworks",
					"@loader_path/Frameworks",
				);
				PRODUCT_BUNDLE_IDENTIFIER = com.codepath.StudIITUITests;
				PRODUCT_NAME = "$(TARGET_NAME)";
				SWIFT_VERSION = 5.0;
				TARGETED_DEVICE_FAMILY = "1,2";
				TEST_TARGET_NAME = StudIIT;
			};
			name = Release;
		};
/* End XCBuildConfiguration section */

/* Begin XCConfigurationList section */
		4940E4132609A5A800A13296 /* Build configuration list for PBXProject "StudIIT" */ = {
			isa = XCConfigurationList;
			buildConfigurations = (
				4940E4402609A5AC00A13296 /* Debug */,
				4940E4412609A5AC00A13296 /* Release */,
			);
			defaultConfigurationIsVisible = 0;
			defaultConfigurationName = Release;
		};
		4940E4422609A5AC00A13296 /* Build configuration list for PBXNativeTarget "StudIIT" */ = {
			isa = XCConfigurationList;
			buildConfigurations = (
				4940E4432609A5AC00A13296 /* Debug */,
				4940E4442609A5AC00A13296 /* Release */,
			);
			defaultConfigurationIsVisible = 0;
			defaultConfigurationName = Release;
		};
		4940E4452609A5AC00A13296 /* Build configuration list for PBXNativeTarget "StudIITTests" */ = {
			isa = XCConfigurationList;
			buildConfigurations = (
				4940E4462609A5AC00A13296 /* Debug */,
				4940E4472609A5AC00A13296 /* Release */,
			);
			defaultConfigurationIsVisible = 0;
			defaultConfigurationName = Release;
		};
		4940E4482609A5AC00A13296 /* Build configuration list for PBXNativeTarget "StudIITUITests" */ = {
			isa = XCConfigurationList;
			buildConfigurations = (
				4940E4492609A5AC00A13296 /* Debug */,
				4940E44A2609A5AC00A13296 /* Release */,
			);
			defaultConfigurationIsVisible = 0;
			defaultConfigurationName = Release;
		};
/* End XCConfigurationList section */
	};
	rootObject = 4940E4102609A5A800A13296 /* Project object */;
}
